# This file is autogenerated, do not edit; changes may be undone by the next 'dep ensure'.


[[projects]]
  branch = "master"
  name = "github.com/ngaut/log"
  packages = ["."]
  revision = "b8e36e7ba5ac61ce5644e570f1cc42d97dbaf8ed"

[solve-meta]
  analyzer-name = "dep"
  analyzer-version = 1
  inputs-digest = "a20da0283fedf297fbb196af6c9f91d8daec0ba5e8143c3e2d825c16a5189830"
  solver-name = "gps-cdcl"
  solver-version = 1
